
Microsoft Visual Studio Solution File, Format Version 12.00
# Visual Studio Version 16
VisualStudioVersion = 16.0.34031.81
MinimumVisualStudioVersion = 10.0.40219.1
Project("{FAE04EC0-301F-11D3-BF4B-00C04F79EFBC}") = "ex_class04", "ex_class04\ex_class04.csproj", "{9121DE9E-1952-4DBE-A680-597B271D3413}"
EndProject
Global
	GlobalSection(SolutionConfigurationPlatforms) = preSolution
		Debug|Any CPU = Debug|Any CPU
		Release|Any CPU = Release|Any CPU
	EndGlobalSection
	GlobalSection(ProjectConfigurationPlatforms) = postSolution
		{9121DE9E-1952-4DBE-A680-597B271D3413}.Debug|Any CPU.ActiveCfg = Debug|Any CPU
		{9121DE9E-1952-4DBE-A680-597B271D3413}.Debug|Any CPU.Build.0 = Debug|Any CPU
		{9121DE9E-1952-4DBE-A680-597B271D3413}.Release|Any CPU.ActiveCfg = Release|Any CPU
		{9121DE9E-1952-4DBE-A680-597B271D3413}.Release|Any CPU.Build.0 = Release|Any CPU
	EndGlobalSection
	GlobalSection(SolutionProperties) = preSolution
		HideSolutionNode = FALSE
	EndGlobalSection
	GlobalSection(ExtensibilityGlobals) = postSolution
		SolutionGuid = {47B6D4D1-53D5-4202-BABA-483456AD95CC}
	EndGlobalSection
EndGlobal
