
Microsoft Visual Studio Solution File, Format Version 12.00
# Visual Studio Version 17
VisualStudioVersion = 17.4.33213.308
MinimumVisualStudioVersion = 10.0.40219.1
Project("{FAE04EC0-301F-11D3-BF4B-00C04F79EFBC}") = "example_3", "example_3\example_3.csproj", "{C62BCA5D-FA9F-44A9-91A7-68F3FCD446E3}"
EndProject
Global
	GlobalSection(SolutionConfigurationPlatforms) = preSolution
		Debug|Any CPU = Debug|Any CPU
		Release|Any CPU = Release|Any CPU
	EndGlobalSection
	GlobalSection(ProjectConfigurationPlatforms) = postSolution
		{C62BCA5D-FA9F-44A9-91A7-68F3FCD446E3}.Debug|Any CPU.ActiveCfg = Debug|Any CPU
		{C62BCA5D-FA9F-44A9-91A7-68F3FCD446E3}.Debug|Any CPU.Build.0 = Debug|Any CPU
		{C62BCA5D-FA9F-44A9-91A7-68F3FCD446E3}.Release|Any CPU.ActiveCfg = Release|Any CPU
		{C62BCA5D-FA9F-44A9-91A7-68F3FCD446E3}.Release|Any CPU.Build.0 = Release|Any CPU
	EndGlobalSection
	GlobalSection(SolutionProperties) = preSolution
		HideSolutionNode = FALSE
	EndGlobalSection
	GlobalSection(ExtensibilityGlobals) = postSolution
		SolutionGuid = {412A1F16-7577-42BD-9FCF-6F54DB741965}
	EndGlobalSection
EndGlobal
